
Microsoft Visual Studio Solution File, Format Version 12.00
# Visual Studio 14
VisualStudioVersion = 14.0.24720.0
MinimumVisualStudioVersion = 10.0.40219.1
Project("{FAE04EC0-301F-11D3-BF4B-00C04F79EFBC}") = "EnterpriseWebsite", "EnterpriseWebsite\EnterpriseWebsite.csproj", "{37CDE224-8EEA-4C27-B007-174DBD93101D}"
EndProject
Project("{FAE04EC0-301F-11D3-BF4B-00C04F79EFBC}") = "BusinessComponents", "BusinessComponents\BusinessComponents.csproj", "{DC608847-F2A1-4BDE-957E-EE7A888CFB24}"
EndProject
Project("{FAE04EC0-301F-11D3-BF4B-00C04F79EFBC}") = "MvcExtensions", "MvcExtensions\MvcExtensions.csproj", "{5883B8B9-627D-4790-8305-C9D499CAECBE}"
EndProject
Global
	GlobalSection(SolutionConfigurationPlatforms) = preSolution
		Debug|Any CPU = Debug|Any CPU
		Release|Any CPU = Release|Any CPU
	EndGlobalSection
	GlobalSection(ProjectConfigurationPlatforms) = postSolution
		{37CDE224-8EEA-4C27-B007-174DBD93101D}.Debug|Any CPU.ActiveCfg = Debug|Any CPU
		{37CDE224-8EEA-4C27-B007-174DBD93101D}.Debug|Any CPU.Build.0 = Debug|Any CPU
		{37CDE224-8EEA-4C27-B007-174DBD93101D}.Release|Any CPU.ActiveCfg = Release|Any CPU
		{37CDE224-8EEA-4C27-B007-174DBD93101D}.Release|Any CPU.Build.0 = Release|Any CPU
		{DC608847-F2A1-4BDE-957E-EE7A888CFB24}.Debug|Any CPU.ActiveCfg = Debug|Any CPU
		{DC608847-F2A1-4BDE-957E-EE7A888CFB24}.Debug|Any CPU.Build.0 = Debug|Any CPU
		{DC608847-F2A1-4BDE-957E-EE7A888CFB24}.Release|Any CPU.ActiveCfg = Release|Any CPU
		{DC608847-F2A1-4BDE-957E-EE7A888CFB24}.Release|Any CPU.Build.0 = Release|Any CPU
		{5883B8B9-627D-4790-8305-C9D499CAECBE}.Debug|Any CPU.ActiveCfg = Debug|Any CPU
		{5883B8B9-627D-4790-8305-C9D499CAECBE}.Debug|Any CPU.Build.0 = Debug|Any CPU
		{5883B8B9-627D-4790-8305-C9D499CAECBE}.Release|Any CPU.ActiveCfg = Release|Any CPU
		{5883B8B9-627D-4790-8305-C9D499CAECBE}.Release|Any CPU.Build.0 = Release|Any CPU
	EndGlobalSection
	GlobalSection(SolutionProperties) = preSolution
		HideSolutionNode = FALSE
	EndGlobalSection
EndGlobal
